
Microsoft Visual Studio Solution File, Format Version 12.00
Project("{FAE04EC0-301F-11D3-BF4B-00C04F79EFBC}") = "task-management", "task-management\task-management.csproj", "{91C248A3-0B46-4C66-A28A-F82FBE692BB0}"
EndProject
Project("{FAE04EC0-301F-11D3-BF4B-00C04F79EFBC}") = "store", "store\store.csproj", "{20B0A6AC-993B-4118-84EF-241EE4A40382}"
EndProject
Global
	GlobalSection(SolutionConfigurationPlatforms) = preSolution
		Debug|Any CPU = Debug|Any CPU
		Release|Any CPU = Release|Any CPU
	EndGlobalSection
	GlobalSection(ProjectConfigurationPlatforms) = postSolution
		{91C248A3-0B46-4C66-A28A-F82FBE692BB0}.Debug|Any CPU.ActiveCfg = Debug|Any CPU
		{91C248A3-0B46-4C66-A28A-F82FBE692BB0}.Debug|Any CPU.Build.0 = Debug|Any CPU
		{91C248A3-0B46-4C66-A28A-F82FBE692BB0}.Release|Any CPU.ActiveCfg = Release|Any CPU
		{91C248A3-0B46-4C66-A28A-F82FBE692BB0}.Release|Any CPU.Build.0 = Release|Any CPU
		{20B0A6AC-993B-4118-84EF-241EE4A40382}.Debug|Any CPU.ActiveCfg = Debug|Any CPU
		{20B0A6AC-993B-4118-84EF-241EE4A40382}.Debug|Any CPU.Build.0 = Debug|Any CPU
		{20B0A6AC-993B-4118-84EF-241EE4A40382}.Release|Any CPU.ActiveCfg = Release|Any CPU
		{20B0A6AC-993B-4118-84EF-241EE4A40382}.Release|Any CPU.Build.0 = Release|Any CPU
	EndGlobalSection
EndGlobal
